dependencies:
  chmorgan/esp-audio-player:
    component_hash: c8ac1998e9af863bc41b57e592f88d1a5791a0f891485122336ddabbf7a65033
    dependencies:
    - name: chmorgan/esp-libhelix-mp3
      registry_url: https://components.espressif.com
      require: private
      version: '>=1.0.0,<2.0.0'
    - name: idf
      require: private
      version: '>=5.0'
    source:
      registry_url: https://components.espressif.com/
      type: service
    version: 1.0.7
  chmorgan/esp-file-iterator:
    component_hash: 327091394b9ef5c2cd395a960ab70ae64479e0a8831cbd9925e38895fad93719
    dependencies:
    - name: idf
      require: private
      version: '>=4.1.0'
    source:
      registry_url: https://components.espressif.com/
      type: service
    version: 1.0.0
  chmorgan/esp-libhelix-mp3:
    component_hash: cbb76089dc2c5749f7b470e2e70aedc44c9da519e04eb9a67d4c7ec275229e53
    dependencies:
    - name: idf
      require: private
      version: '>=4.1.0'
    source:
      registry_url: https://components.espressif.com
      type: service
    version: 1.0.3
  esp32_p4_function_ev_board:
    dependencies: []
    source:
      path: /home/jin/桌面/esp-album-yuying-10.1/components/esp32_p4_function_ev_board
      type: local
    version: 4.1.1
  espressif/cmake_utilities:
    component_hash: 351350613ceafba240b761b4ea991e0f231ac7a9f59a9ee901f751bddc0bb18f
    dependencies:
    - name: idf
      require: private
      version: '>=4.1'
    source:
      registry_url: https://components.espressif.com/
      type: service
    version: 0.5.3
  espressif/eppp_link:
    component_hash: 04f7f31868b8ae6014c96132740a192d09611a6e46aaa7038c865ffc7e26b38f
    dependencies:
    - name: espressif/esp_serial_slave_link
      registry_url: https://components.espressif.com
      require: private
      version: ^1.1.0
    - name: idf
      require: private
      version: '>=5.2'
    source:
      registry_url: https://components.espressif.com
      type: service
    version: 1.1.5
  espressif/esp_audio_codec:
    component_hash: af4663830bc73eca58febcc34a976d003465e78ed57458aa00a14b231e392ca1
    dependencies:
    - name: idf
      require: private
      version: '>=4.4'
    source:
      registry_url: https://components.espressif.com/
      type: service
    version: 2.4.1
  espressif/esp_codec_dev:
    component_hash: 014948481bda426cd46714f297fe1891711246c62bea288863a8cc8cf13ef1f0
    dependencies:
    - name: idf
      require: private
      version: '>=4.0'
    source:
      registry_url: https://components.espressif.com/
      type: service
    version: 1.2.0
  espressif/esp_hosted:
    component_hash: acda00d70be52c148b5f1c22e34c83fd182650c8e96ef83e81173627b1b13a0f
    dependencies:
    - name: idf
      require: private
      version: '>=5.3'
    source:
      registry_url: https://components.espressif.com/
      type: service
    version: 1.4.7
  espressif/esp_lcd_ek79007:
    component_hash: 8005700b7f10c7136b6e2a3f19a48f972aa1d13ed107ed298574e8d24d17ea83
    dependencies:
    - name: espressif/cmake_utilities
      registry_url: https://components.espressif.com
      require: private
      version: 0.*
    - name: idf
      require: private
      version: '>=5.3'
    source:
      registry_url: https://components.espressif.com/
      type: service
    targets:
    - esp32p4
    version: 1.0.4
  espressif/esp_lcd_ili9881c:
    component_hash: 0288df12755c95d406ccea245a427595f314df0b14a61846286d926ea6f3698e
    dependencies:
    - name: idf
      require: private
      version: '>=5.3'
    source:
      registry_url: https://components.espressif.com/
      type: service
    targets:
    - esp32p4
    version: 1.1.0
  espressif/esp_lcd_touch:
    component_hash: 3f85a7d95af876f1a6ecca8eb90a81614890d0f03a038390804e5a77e2caf862
    dependencies:
    - name: idf
      require: private
      version: '>=4.4.2'
    source:
      registry_url: https://components.espressif.com
      type: service
    version: 1.2.1
  espressif/esp_lcd_touch_gt911:
    component_hash: 6029febef66eefd0910d527d7f30292779ccbf22a8dedd2bd69466acf0068a7b
    dependencies:
    - name: espressif/esp_lcd_touch
      registry_url: https://components.espressif.com
      require: public
      version: ^1.2.0
    - name: idf
      require: private
      version: '>=5.2'
    source:
      registry_url: https://components.espressif.com/
      type: service
    version: 1.2.0~2
  espressif/esp_lvgl_port:
    component_hash: b6360960f47b6776462e7092861b3ea66477ffb762a01baa0aecbb3d74cd50f4
    dependencies:
    - name: idf
      require: private
      version: '>=5.1'
    - name: lvgl/lvgl
      registry_url: https://components.espressif.com
      require: public
      version: '>=8,<10'
    source:
      registry_url: https://components.espressif.com/
      type: service
    version: 2.7.2
  espressif/esp_serial_slave_link:
    component_hash: ac1776806de0a6e371c84e87898bb983e19ce62aa7f1e2e5c4a3b0234a575d2c
    dependencies:
    - name: idf
      require: private
      version: '>=5.0'
    source:
      registry_url: https://components.espressif.com
      type: service
    version: 1.1.2
  espressif/esp_tinyusb:
    component_hash: 6a50305bc61c7a361da8c0833642be824e92dacb0a6001719a832a4e96e471bf
    dependencies:
    - name: idf
      require: private
      version: '>=5.0'
    - name: espressif/tinyusb
      registry_url: https://components.espressif.com
      require: public
      version: '>=0.14.2'
    source:
      registry_url: https://components.espressif.com/
      type: service
    version: 1.7.6~2
  espressif/esp_wifi_remote:
    component_hash: c76f847d3a8ee9bd9b6e51aca2842be2ae07b936231c18635ac6902f285aa717
    dependencies:
    - name: espressif/esp_hosted
      registry_url: https://components.espressif.com
      require: private
      rules:
      - if: target in [esp32h2, esp32p4]
      version: '>=0.0.6'
    - name: espressif/wifi_remote_over_eppp
      registry_url: https://components.espressif.com
      require: private
      version: '>=0.1'
    - name: idf
      require: private
      version: '>=5.3'
    source:
      registry_url: https://components.espressif.com/
      type: service
    version: 1.3.0
  espressif/libpng:
    component_hash: fb095d07e445c0c80c786d7a98e908eccc1d694c6725e6cac2f0bddf5153bffd
    dependencies:
    - name: idf
      require: private
      version: '>=4.4'
    - name: espressif/zlib
      registry_url: https://components.espressif.com
      require: private
      version: ^1.2.13
    source:
      registry_url: https://components.espressif.com/
      type: service
    version: 1.6.39
  espressif/tinyusb:
    component_hash: a40b7f67df6ac254a4afd96c6401cc56f2059ae747d6d7e66b568bca53ad0edc
    dependencies:
    - name: idf
      require: private
      version: '>=5.0'
    source:
      registry_url: https://components.espressif.com
      type: service
    targets:
    - esp32s2
    - esp32s3
    - esp32p4
    - esp32h4
    - esp32s31
    version: 0.19.0~3
  espressif/wifi_remote_over_eppp:
    component_hash: 06d8bc15348bbd21f1390daace36ed5adcf6026c93c5b69decc55fa04df2711a
    dependencies:
    - name: idf
      require: private
      version: '>=5.3'
    - name: espressif/eppp_link
      registry_url: https://components.espressif.com
      require: private
      version: '>=0.1'
    source:
      registry_url: https://components.espressif.com
      type: service
    version: 0.3.2
  espressif/zlib:
    component_hash: 64ea2fd6754c5a05951f1ddb312ac835cd782e68cb5bd9dfcd1c3a107c8fbfbc
    dependencies:
    - name: idf
      require: private
      version: '>=4.4'
    source:
      registry_url: https://components.espressif.com
      type: service
    version: 1.3.2
  idf:
    source:
      type: idf
    version: 5.5.3
  lvgl/lvgl:
    component_hash: 096c69af22eaf8a2b721e3913da91918c5e6bf1a762a113ec01f401aa61337a0
    dependencies: []
    source:
      registry_url: https://components.espressif.com/
      type: service
    version: 9.2.2
direct_dependencies:
- chmorgan/esp-audio-player
- chmorgan/esp-file-iterator
- espressif/cmake_utilities
- espressif/esp32_p4_function_ev_board
- espressif/esp_audio_codec
- espressif/esp_codec_dev
- espressif/esp_hosted
- espressif/esp_lcd_ek79007
- espressif/esp_lcd_ili9881c
- espressif/esp_lcd_touch_gt911
- espressif/esp_lvgl_port
- espressif/esp_tinyusb
- espressif/esp_wifi_remote
- espressif/libpng
- idf
- lvgl/lvgl
manifest_hash: bdc4f190c1cb8069010bd00a7c34d22a3740117a678007dec9ed4afc8256dec6
target: esp32p4
version: 2.0.0
