dependencies:
  espressif/cmake_utilities:
    component_hash: 351350613ceafba240b761b4ea991e0f231ac7a9f59a9ee901f751bddc0bb18f
    dependencies:
    - name: idf
      require: private
      version: '>=4.1'
    source:
      registry_url: https://components.espressif.com/
      type: service
    version: 0.5.3
  idf:
    source:
      type: idf
    version: 5.5.1
direct_dependencies:
- espressif/cmake_utilities
- idf
manifest_hash: 93c917b641b80eae7a43ae5406c6fddbe493bfb2fe93abd0d61933cea81e1536
target: esp32p4
version: 2.0.0
